// !$*UTF8*$!
{
	archiveVersion = 1;
	classes = {
	};
	objectVersion = 46;
	objects = {

/* Begin PBXBuildFile section */
		6B691C8E1E9E88CC000B1B6D /* AppDelegate.swift in Sources */ = {isa = PBXBuildFile; fileRef = 6B691C8D1E9E88CC000B1B6D /* AppDelegate.swift */; };
		6B691C931E9E88CC000B1B6D /* Main.storyboard in Resources */ = {isa = PBXBuildFile; fileRef = 6B691C911E9E88CC000B1B6D /* Main.storyboard */; };
		6B691C951E9E88CC000B1B6D /* Assets.xcassets in Resources */ = {isa = PBXBuildFile; fileRef = 6B691C941E9E88CC000B1B6D /* Assets.xcassets */; };
		6B691C981E9E88CC000B1B6D /* LaunchScreen.storyboard in Resources */ = {isa = PBXBuildFile; fileRef = 6B691C961E9E88CC000B1B6D /* LaunchScreen.storyboard */; };
		6B691CA21E9E8D6E000B1B6D /* StudentTableViewController.swift in Sources */ = {isa = PBXBuildFile; fileRef = 6B691CA11E9E8D6E000B1B6D /* StudentTableViewController.swift */; };
		6B691CA61E9E8E87000B1B6D /* Student.swift in Sources */ = {isa = PBXBuildFile; fileRef = 6B691CA51E9E8E87000B1B6D /* Student.swift */; };
/* End PBXBuildFile section */

/* Begin PBXFileReference section */
		6B691C8A1E9E88CC000B1B6D /* StudentPut.app */ = {isa = PBXFileReference; explicitFileType = wrapper.application; includeInIndex = 0; path = StudentPut.app; sourceTree = BUILT_PRODUCTS_DIR; };
		6B691C8D1E9E88CC000B1B6D /* AppDelegate.swift */ = {isa = PBXFileReference; lastKnownFileType = sourcecode.swift; path = AppDelegate.swift; sourceTree = "<group>"; };
		6B691C921E9E88CC000B1B6D /* Base */ = {isa = PBXFileReference; lastKnownFileType = file.storyboard; name = Base; path = Base.lproj/Main.storyboard; sourceTree = "<group>"; };
		6B691C941E9E88CC000B1B6D /* Assets.xcassets */ = {isa = PBXFileReference; lastKnownFileType = folder.assetcatalog; path = Assets.xcassets; sourceTree = "<group>"; };
		6B691C971E9E88CC000B1B6D /* Base */ = {isa = PBXFileReference; lastKnownFileType = file.storyboard; name = Base; path = Base.lproj/LaunchScreen.storyboard; sourceTree = "<group>"; };
		6B691C991E9E88CC000B1B6D /* Info.plist */ = {isa = PBXFileReference; lastKnownFileType = text.plist.xml; path = Info.plist; sourceTree = "<group>"; };
		6B691CA11E9E8D6E000B1B6D /* StudentTableViewController.swift */ = {isa = PBXFileReference; fileEncoding = 4; lastKnownFileType = sourcecode.swift; path = StudentTableViewController.swift; sourceTree = "<group>"; };
		6B691CA51E9E8E87000B1B6D /* Student.swift */ = {isa = PBXFileReference; fileEncoding = 4; lastKnownFileType = sourcecode.swift; path = Student.swift; sourceTree = "<group>"; };
/* End PBXFileReference section */

/* Begin PBXFrameworksBuildPhase section */
		6B691C871E9E88CC000B1B6D /* Frameworks */ = {
			isa = PBXFrameworksBuildPhase;
			buildActionMask = 2147483647;
			files = (
			);
			runOnlyForDeploymentPostprocessing = 0;
		};
/* End PBXFrameworksBuildPhase section */

/* Begin PBXGroup section */
		6B691C811E9E88CC000B1B6D = {
			isa = PBXGroup;
			children = (
				6B691C8C1E9E88CC000B1B6D /* StudentPut */,
				6B691C8B1E9E88CC000B1B6D /* Products */,
			);
			sourceTree = "<group>";
		};
		6B691C8B1E9E88CC000B1B6D /* Products */ = {
			isa = PBXGroup;
			children = (
				6B691C8A1E9E88CC000B1B6D /* StudentPut.app */,
			);
			name = Products;
			sourceTree = "<group>";
		};
		6B691C8C1E9E88CC000B1B6D /* StudentPut */ = {
			isa = PBXGroup;
			children = (
				6B691C8D1E9E88CC000B1B6D /* AppDelegate.swift */,
				6B691CA41E9E8E72000B1B6D /* Models */,
				6B691CA31E9E8D74000B1B6D /* ViewControllers */,
				6B691CA01E9E8C28000B1B6D /* Views */,
				6B691C9F1E9E8C22000B1B6D /* Resources */,
			);
			path = StudentPut;
			sourceTree = "<group>";
		};
		6B691C9F1E9E8C22000B1B6D /* Resources */ = {
			isa = PBXGroup;
			children = (
				6B691C941E9E88CC000B1B6D /* Assets.xcassets */,
				6B691C961E9E88CC000B1B6D /* LaunchScreen.storyboard */,
				6B691C991E9E88CC000B1B6D /* Info.plist */,
			);
			name = Resources;
			sourceTree = "<group>";
		};
		6B691CA01E9E8C28000B1B6D /* Views */ = {
			isa = PBXGroup;
			children = (
				6B691C911E9E88CC000B1B6D /* Main.storyboard */,
			);
			name = Views;
			sourceTree = "<group>";
		};
		6B691CA31E9E8D74000B1B6D /* ViewControllers */ = {
			isa = PBXGroup;
			children = (
				6B691CA11E9E8D6E000B1B6D /* StudentTableViewController.swift */,
			);
			name = ViewControllers;
			sourceTree = "<group>";
		};
		6B691CA41E9E8E72000B1B6D /* Models */ = {
			isa = PBXGroup;
			children = (
				6B691CA51E9E8E87000B1B6D /* Student.swift */,
			);
			name = Models;
			sourceTree = "<group>";
		};
/* End PBXGroup section */

/* Begin PBXNativeTarget section */
		6B691C891E9E88CC000B1B6D /* StudentPut */ = {
			isa = PBXNativeTarget;
			buildConfigurationList = 6B691C9C1E9E88CC000B1B6D /* Build configuration list for PBXNativeTarget "StudentPut" */;
			buildPhases = (
				6B691C861E9E88CC000B1B6D /* Sources */,
				6B691C871E9E88CC000B1B6D /* Frameworks */,
				6B691C881E9E88CC000B1B6D /* Resources */,
			);
			buildRules = (
			);
			dependencies = (
			);
			name = StudentPut;
			productName = StudentPut;
			productReference = 6B691C8A1E9E88CC000B1B6D /* StudentPut.app */;
			productType = "com.apple.product-type.application";
		};
/* End PBXNativeTarget section */

/* Begin PBXProject section */
		6B691C821E9E88CC000B1B6D /* Project object */ = {
			isa = PBXProject;
			attributes = {
				LastSwiftUpdateCheck = 0830;
				LastUpgradeCheck = 0830;
				ORGANIZATIONNAME = "Bradley Gilmore";
				TargetAttributes = {
					6B691C891E9E88CC000B1B6D = {
						CreatedOnToolsVersion = 8.3;
						DevelopmentTeam = CTJ2VR37F9;
						ProvisioningStyle = Automatic;
					};
				};
			};
			buildConfigurationList = 6B691C851E9E88CC000B1B6D /* Build configuration list for PBXProject "StudentPut" */;
			compatibilityVersion = "Xcode 3.2";
			developmentRegion = English;
			hasScannedForEncodings = 0;
			knownRegions = (
				en,
				Base,
			);
			mainGroup = 6B691C811E9E88CC000B1B6D;
			productRefGroup = 6B691C8B1E9E88CC000B1B6D /* Products */;
			projectDirPath = "";
			projectRoot = "";
			targets = (
				6B691C891E9E88CC000B1B6D /* StudentPut */,
			);
		};
/* End PBXProject section */

/* Begin PBXResourcesBuildPhase section */
		6B691C881E9E88CC000B1B6D /* Resources */ = {
			isa = PBXResourcesBuildPhase;
			buildActionMask = 2147483647;
			files = (
				6B691C981E9E88CC000B1B6D /* LaunchScreen.storyboard in Resources */,
				6B691C951E9E88CC000B1B6D /* Assets.xcassets in Resources */,
				6B691C931E9E88CC000B1B6D /* Main.storyboard in Resources */,
			);
			runOnlyForDeploymentPostprocessing = 0;
		};
/* End PBXResourcesBuildPhase section */

/* Begin PBXSourcesBuildPhase section */
		6B691C861E9E88CC000B1B6D /* Sources */ = {
			isa = PBXSourcesBuildPhase;
			buildActionMask = 2147483647;
			files = (
				6B691CA21E9E8D6E000B1B6D /* StudentTableViewController.swift in Sources */,
				6B691CA61E9E8E87000B1B6D /* Student.swift in Sources */,
				6B691C8E1E9E88CC000B1B6D /* AppDelegate.swift in Sources */,
			);
			runOnlyForDeploymentPostprocessing = 0;
		};
/* End PBXSourcesBuildPhase section */

/* Begin PBXVariantGroup section */
		6B691C911E9E88CC000B1B6D /* Main.storyboard */ = {
			isa = PBXVariantGroup;
			children = (
				6B691C921E9E88CC000B1B6D /* Base */,
			);
			name = Main.storyboard;
			sourceTree = "<group>";
		};
		6B691C961E9E88CC000B1B6D /* LaunchScreen.storyboard */ = {
			isa = PBXVariantGroup;
			children = (
				6B691C971E9E88CC000B1B6D /* Base */,
			);
			name = LaunchScreen.storyboard;
			sourceTree = "<group>";
		};
/* End PBXVariantGroup section */

/* Begin XCBuildConfiguration section */
		6B691C9A1E9E88CC000B1B6D /* Debug */ = {
			isa = XCBuildConfiguration;
			buildSettings = {
				ALWAYS_SEARCH_USER_PATHS = NO;
				CLANG_ANALYZER_NONNULL = YES;
				CLANG_ANALYZER_NUMBER_OBJECT_CONVERSION = YES_AGGRESSIVE;
				CLANG_CXX_LANGUAGE_STANDARD = "gnu++0x";
				CLANG_CXX_LIBRARY = "libc++";
				CLANG_ENABLE_MODULES = YES;
				CLANG_ENABLE_OBJC_ARC = YES;
				CLANG_WARN_BOOL_CONVERSION = YES;
				CLANG_WARN_CONSTANT_CONVERSION = YES;
				CLANG_WARN_DIRECT_OBJC_ISA_USAGE = YES_ERROR;
				CLANG_WARN_DOCUMENTATION_COMMENTS = YES;
				CLANG_WARN_EMPTY_BODY = YES;
				CLANG_WARN_ENUM_CONVERSION = YES;
				CLANG_WARN_INFINITE_RECURSION = YES;
				CLANG_WARN_INT_CONVERSION = YES;
				CLANG_WARN_OBJC_ROOT_CLASS = YES_ERROR;
				CLANG_WARN_SUSPICIOUS_MOVE = YES;
				CLANG_WARN_UNREACHABLE_CODE = YES;
				CLANG_WARN__DUPLICATE_METHOD_MATCH = YES;
				"CODE_SIGN_IDENTITY[sdk=iphoneos*]" = "iPhone Developer";
				COPY_PHASE_STRIP = NO;
				DEBUG_INFORMATION_FORMAT = dwarf;
				ENABLE_STRICT_OBJC_MSGSEND = YES;
				ENABLE_TESTABILITY = YES;
				GCC_C_LANGUAGE_STANDARD = gnu99;
				GCC_DYNAMIC_NO_PIC = NO;
				GCC_NO_COMMON_BLOCKS = YES;
				GCC_OPTIMIZATION_LEVEL = 0;
				GCC_PREPROCESSOR_DEFINITIONS = (
					"DEBUG=1",
					"$(inherited)",
				);
				GCC_WARN_64_TO_32_BIT_CONVERSION = YES;
				GCC_WARN_ABOUT_RETURN_TYPE = YES_ERROR;
				GCC_WARN_UNDECLARED_SELECTOR = YES;
				GCC_WARN_UNINITIALIZED_AUTOS = YES_AGGRESSIVE;
				GCC_WARN_UNUSED_FUNCTION = YES;
				GCC_WARN_UNUSED_VARIABLE = YES;
				IPHONEOS_DEPLOYMENT_TARGET = 10.3;
				MTL_ENABLE_DEBUG_INFO = YES;
				ONLY_ACTIVE_ARCH = YES;
				SDKROOT = iphoneos;
				SWIFT_ACTIVE_COMPILATION_CONDITIONS = DEBUG;
				SWIFT_OPTIMIZATION_LEVEL = "-Onone";
			};
			name = Debug;
		};
		6B691C9B1E9E88CC000B1B6D /* Release */ = {
			isa = XCBuildConfiguration;
			buildSettings = {
				ALWAYS_SEARCH_USER_PATHS = NO;
				CLANG_ANALYZER_NONNULL = YES;
				CLANG_ANALYZER_NUMBER_OBJECT_CONVERSION = YES_AGGRESSIVE;
				CLANG_CXX_LANGUAGE_STANDARD = "gnu++0x";
				CLANG_CXX_LIBRARY = "libc++";
				CLANG_ENABLE_MODULES = YES;
				CLANG_ENABLE_OBJC_ARC = YES;
				CLANG_WARN_BOOL_CONVERSION = YES;
				CLANG_WARN_CONSTANT_CONVERSION = YES;
				CLANG_WARN_DIRECT_OBJC_ISA_USAGE = YES_ERROR;
				CLANG_WARN_DOCUMENTATION_COMMENTS = YES;
				CLANG_WARN_EMPTY_BODY = YES;
				CLANG_WARN_ENUM_CONVERSION = YES;
				CLANG_WARN_INFINITE_RECURSION = YES;
				CLANG_WARN_INT_CONVERSION = YES;
				CLANG_WARN_OBJC_ROOT_CLASS = YES_ERROR;
				CLANG_WARN_SUSPICIOUS_MOVE = YES;
				CLANG_WARN_UNREACHABLE_CODE = YES;
				CLANG_WARN__DUPLICATE_METHOD_MATCH = YES;
				"CODE_SIGN_IDENTITY[sdk=iphoneos*]" = "iPhone Developer";
				COPY_PHASE_STRIP = NO;
				DEBUG_INFORMATION_FORMAT = "dwarf-with-dsym";
				ENABLE_NS_ASSERTIONS = NO;
				ENABLE_STRICT_OBJC_MSGSEND = YES;
				GCC_C_LANGUAGE_STANDARD = gnu99;
				GCC_NO_COMMON_BLOCKS = YES;
				GCC_WARN_64_TO_32_BIT_CONVERSION = YES;
				GCC_WARN_ABOUT_RETURN_TYPE = YES_ERROR;
				GCC_WARN_UNDECLARED_SELECTOR = YES;
				GCC_WARN_UNINITIALIZED_AUTOS = YES_AGGRESSIVE;
				GCC_WARN_UNUSED_FUNCTION = YES;
				GCC_WARN_UNUSED_VARIABLE = YES;
				IPHONEOS_DEPLOYMENT_TARGET = 10.3;
				MTL_ENABLE_DEBUG_INFO = NO;
				SDKROOT = iphoneos;
				SWIFT_OPTIMIZATION_LEVEL = "-Owholemodule";
				VALIDATE_PRODUCT = YES;
			};
			name = Release;
		};
		6B691C9D1E9E88CC000B1B6D /* Debug */ = {
			isa = XCBuildConfiguration;
			buildSettings = {
				ASSETCATALOG_COMPILER_APPICON_NAME = AppIcon;
				DEVELOPMENT_TEAM = CTJ2VR37F9;
				INFOPLIST_FILE = StudentPut/Info.plist;
				LD_RUNPATH_SEARCH_PATHS = "$(inherited) @executable_path/Frameworks";
				PRODUCT_BUNDLE_IDENTIFIER = com.bradleygilmore.StudentPut;
				PRODUCT_NAME = "$(TARGET_NAME)";
				SWIFT_VERSION = 3.0;
			};
			name = Debug;
		};
		6B691C9E1E9E88CC000B1B6D /* Release */ = {
			isa = XCBuildConfiguration;
			buildSettings = {
				ASSETCATALOG_COMPILER_APPICON_NAME = AppIcon;
				DEVELOPMENT_TEAM = CTJ2VR37F9;
				INFOPLIST_FILE = StudentPut/Info.plist;
				LD_RUNPATH_SEARCH_PATHS = "$(inherited) @executable_path/Frameworks";
				PRODUCT_BUNDLE_IDENTIFIER = com.bradleygilmore.StudentPut;
				PRODUCT_NAME = "$(TARGET_NAME)";
				SWIFT_VERSION = 3.0;
			};
			name = Release;
		};
/* End XCBuildConfiguration section */

/* Begin XCConfigurationList section */
		6B691C851E9E88CC000B1B6D /* Build configuration list for PBXProject "StudentPut" */ = {
			isa = XCConfigurationList;
			buildConfigurations = (
				6B691C9A1E9E88CC000B1B6D /* Debug */,
				6B691C9B1E9E88CC000B1B6D /* Release */,
			);
			defaultConfigurationIsVisible = 0;
			defaultConfigurationName = Release;
		};
		6B691C9C1E9E88CC000B1B6D /* Build configuration list for PBXNativeTarget "StudentPut" */ = {
			isa = XCConfigurationList;
			buildConfigurations = (
				6B691C9D1E9E88CC000B1B6D /* Debug */,
				6B691C9E1E9E88CC000B1B6D /* Release */,
			);
			defaultConfigurationIsVisible = 0;
		};
/* End XCConfigurationList section */
	};
	rootObject = 6B691C821E9E88CC000B1B6D /* Project object */;
}
